// !$*UTF8*$!
{
	archiveVersion = 1;
	classes = {
	};
	objectVersion = 50;
	objects = {

/* Begin PBXBuildFile section */
		1368992625AE09F800FBAC36 /* AppDelegate.swift in Sources */ = {isa = PBXBuildFile; fileRef = 1368992525AE09F800FBAC36 /* AppDelegate.swift */; };
		1368992825AE09F800FBAC36 /* SceneDelegate.swift in Sources */ = {isa = PBXBuildFile; fileRef = 1368992725AE09F800FBAC36 /* SceneDelegate.swift */; };
		1368992A25AE09F800FBAC36 /* ViewController.swift in Sources */ = {isa = PBXBuildFile; fileRef = 1368992925AE09F800FBAC36 /* ViewController.swift */; };
		1368992D25AE09F800FBAC36 /* Main.storyboard in Resources */ = {isa = PBXBuildFile; fileRef = 1368992B25AE09F800FBAC36 /* Main.storyboard */; };
		1368992F25AE09FA00FBAC36 /* Assets.xcassets in Resources */ = {isa = PBXBuildFile; fileRef = 1368992E25AE09FA00FBAC36 /* Assets.xcassets */; };
		1368993225AE09FA00FBAC36 /* LaunchScreen.storyboard in Resources */ = {isa = PBXBuildFile; fileRef = 1368993025AE09FA00FBAC36 /* LaunchScreen.storyboard */; };
		1368993D25AE09FA00FBAC36 /* BayutTestTests.swift in Sources */ = {isa = PBXBuildFile; fileRef = 1368993C25AE09FA00FBAC36 /* BayutTestTests.swift */; };
		1368994825AE09FA00FBAC36 /* BayutTestUITests.swift in Sources */ = {isa = PBXBuildFile; fileRef = 1368994725AE09FA00FBAC36 /* BayutTestUITests.swift */; };
		1368995725AE1C4800FBAC36 /* Requestable.swift in Sources */ = {isa = PBXBuildFile; fileRef = 1368995625AE1C4800FBAC36 /* Requestable.swift */; };
		1368995925AE1C5600FBAC36 /* ServiceManager.swift in Sources */ = {isa = PBXBuildFile; fileRef = 1368995825AE1C5600FBAC36 /* ServiceManager.swift */; };
		1368996A25AE1EA100FBAC36 /* Product.swift in Sources */ = {isa = PBXBuildFile; fileRef = 1368996925AE1EA100FBAC36 /* Product.swift */; };
/* End PBXBuildFile section */

/* Begin PBXContainerItemProxy section */
		1368993925AE09FA00FBAC36 /* PBXContainerItemProxy */ = {
			isa = PBXContainerItemProxy;
			containerPortal = 1368991A25AE09F800FBAC36 /* Project object */;
			proxyType = 1;
			remoteGlobalIDString = 1368992125AE09F800FBAC36;
			remoteInfo = BayutTest;
		};
		1368994425AE09FA00FBAC36 /* PBXContainerItemProxy */ = {
			isa = PBXContainerItemProxy;
			containerPortal = 1368991A25AE09F800FBAC36 /* Project object */;
			proxyType = 1;
			remoteGlobalIDString = 1368992125AE09F800FBAC36;
			remoteInfo = BayutTest;
		};
/* End PBXContainerItemProxy section */

/* Begin PBXFileReference section */
		1368992225AE09F800FBAC36 /* BayutTest.app */ = {isa = PBXFileReference; explicitFileType = wrapper.application; includeInIndex = 0; path = BayutTest.app; sourceTree = BUILT_PRODUCTS_DIR; };
		1368992525AE09F800FBAC36 /* AppDelegate.swift */ = {isa = PBXFileReference; lastKnownFileType = sourcecode.swift; path = AppDelegate.swift; sourceTree = "<group>"; };
		1368992725AE09F800FBAC36 /* SceneDelegate.swift */ = {isa = PBXFileReference; lastKnownFileType = sourcecode.swift; path = SceneDelegate.swift; sourceTree = "<group>"; };
		1368992925AE09F800FBAC36 /* ViewController.swift */ = {isa = PBXFileReference; lastKnownFileType = sourcecode.swift; path = ViewController.swift; sourceTree = "<group>"; };
		1368992C25AE09F800FBAC36 /* Base */ = {isa = PBXFileReference; lastKnownFileType = file.storyboard; name = Base; path = Base.lproj/Main.storyboard; sourceTree = "<group>"; };
		1368992E25AE09FA00FBAC36 /* Assets.xcassets */ = {isa = PBXFileReference; lastKnownFileType = folder.assetcatalog; path = Assets.xcassets; sourceTree = "<group>"; };
		1368993125AE09FA00FBAC36 /* Base */ = {isa = PBXFileReference; lastKnownFileType = file.storyboard; name = Base; path = Base.lproj/LaunchScreen.storyboard; sourceTree = "<group>"; };
		1368993325AE09FA00FBAC36 /* Info.plist */ = {isa = PBXFileReference; lastKnownFileType = text.plist.xml; path = Info.plist; sourceTree = "<group>"; };
		1368993825AE09FA00FBAC36 /* BayutTestTests.xctest */ = {isa = PBXFileReference; explicitFileType = wrapper.cfbundle; includeInIndex = 0; path = BayutTestTests.xctest; sourceTree = BUILT_PRODUCTS_DIR; };
		1368993C25AE09FA00FBAC36 /* BayutTestTests.swift */ = {isa = PBXFileReference; lastKnownFileType = sourcecode.swift; path = BayutTestTests.swift; sourceTree = "<group>"; };
		1368993E25AE09FA00FBAC36 /* Info.plist */ = {isa = PBXFileReference; lastKnownFileType = text.plist.xml; path = Info.plist; sourceTree = "<group>"; };
		1368994325AE09FA00FBAC36 /* BayutTestUITests.xctest */ = {isa = PBXFileReference; explicitFileType = wrapper.cfbundle; includeInIndex = 0; path = BayutTestUITests.xctest; sourceTree = BUILT_PRODUCTS_DIR; };
		1368994725AE09FA00FBAC36 /* BayutTestUITests.swift */ = {isa = PBXFileReference; lastKnownFileType = sourcecode.swift; path = BayutTestUITests.swift; sourceTree = "<group>"; };
		1368994925AE09FA00FBAC36 /* Info.plist */ = {isa = PBXFileReference; lastKnownFileType = text.plist.xml; path = Info.plist; sourceTree = "<group>"; };
		1368995625AE1C4800FBAC36 /* Requestable.swift */ = {isa = PBXFileReference; lastKnownFileType = sourcecode.swift; path = Requestable.swift; sourceTree = "<group>"; };
		1368995825AE1C5600FBAC36 /* ServiceManager.swift */ = {isa = PBXFileReference; lastKnownFileType = sourcecode.swift; path = ServiceManager.swift; sourceTree = "<group>"; };
		1368996925AE1EA100FBAC36 /* Product.swift */ = {isa = PBXFileReference; lastKnownFileType = sourcecode.swift; path = Product.swift; sourceTree = "<group>"; };
/* End PBXFileReference section */

/* Begin PBXFrameworksBuildPhase section */
		1368991F25AE09F800FBAC36 /* Frameworks */ = {
			isa = PBXFrameworksBuildPhase;
			buildActionMask = 2147483647;
			files = (
			);
			runOnlyForDeploymentPostprocessing = 0;
		};
		1368993525AE09FA00FBAC36 /* Frameworks */ = {
			isa = PBXFrameworksBuildPhase;
			buildActionMask = 2147483647;
			files = (
			);
			runOnlyForDeploymentPostprocessing = 0;
		};
		1368994025AE09FA00FBAC36 /* Frameworks */ = {
			isa = PBXFrameworksBuildPhase;
			buildActionMask = 2147483647;
			files = (
			);
			runOnlyForDeploymentPostprocessing = 0;
		};
/* End PBXFrameworksBuildPhase section */

/* Begin PBXGroup section */
		1368991925AE09F800FBAC36 = {
			isa = PBXGroup;
			children = (
				1368992425AE09F800FBAC36 /* BayutTest */,
				1368993B25AE09FA00FBAC36 /* BayutTestTests */,
				1368994625AE09FA00FBAC36 /* BayutTestUITests */,
				1368992325AE09F800FBAC36 /* Products */,
			);
			sourceTree = "<group>";
		};
		1368992325AE09F800FBAC36 /* Products */ = {
			isa = PBXGroup;
			children = (
				1368992225AE09F800FBAC36 /* BayutTest.app */,
				1368993825AE09FA00FBAC36 /* BayutTestTests.xctest */,
				1368994325AE09FA00FBAC36 /* BayutTestUITests.xctest */,
			);
			name = Products;
			sourceTree = "<group>";
		};
		1368992425AE09F800FBAC36 /* BayutTest */ = {
			isa = PBXGroup;
			children = (
				1368995A25AE1DFC00FBAC36 /* Modules */,
				1368995525AE148100FBAC36 /* Managers */,
				1368992525AE09F800FBAC36 /* AppDelegate.swift */,
				1368992725AE09F800FBAC36 /* SceneDelegate.swift */,
				1368992925AE09F800FBAC36 /* ViewController.swift */,
				1368992B25AE09F800FBAC36 /* Main.storyboard */,
				1368992E25AE09FA00FBAC36 /* Assets.xcassets */,
				1368993025AE09FA00FBAC36 /* LaunchScreen.storyboard */,
				1368993325AE09FA00FBAC36 /* Info.plist */,
			);
			path = BayutTest;
			sourceTree = "<group>";
		};
		1368993B25AE09FA00FBAC36 /* BayutTestTests */ = {
			isa = PBXGroup;
			children = (
				1368993C25AE09FA00FBAC36 /* BayutTestTests.swift */,
				1368993E25AE09FA00FBAC36 /* Info.plist */,
			);
			path = BayutTestTests;
			sourceTree = "<group>";
		};
		1368994625AE09FA00FBAC36 /* BayutTestUITests */ = {
			isa = PBXGroup;
			children = (
				1368994725AE09FA00FBAC36 /* BayutTestUITests.swift */,
				1368994925AE09FA00FBAC36 /* Info.plist */,
			);
			path = BayutTestUITests;
			sourceTree = "<group>";
		};
		1368995525AE148100FBAC36 /* Managers */ = {
			isa = PBXGroup;
			children = (
				1368995625AE1C4800FBAC36 /* Requestable.swift */,
				1368995825AE1C5600FBAC36 /* ServiceManager.swift */,
			);
			path = Managers;
			sourceTree = "<group>";
		};
		1368995A25AE1DFC00FBAC36 /* Modules */ = {
			isa = PBXGroup;
			children = (
				1368995B25AE1E0A00FBAC36 /* ProductList */,
				1368995C25AE1E1400FBAC36 /* ProductDetails */,
			);
			path = Modules;
			sourceTree = "<group>";
		};
		1368995B25AE1E0A00FBAC36 /* ProductList */ = {
			isa = PBXGroup;
			children = (
				1368996225AE1E6100FBAC36 /* Protocols */,
				1368996125AE1E5B00FBAC36 /* Router */,
				1368996025AE1E5300FBAC36 /* Presenter */,
				1368995F25AE1E4B00FBAC36 /* Entity */,
				1368995E25AE1E4200FBAC36 /* Interactor */,
				1368995D25AE1E3C00FBAC36 /* View */,
			);
			path = ProductList;
			sourceTree = "<group>";
		};
		1368995C25AE1E1400FBAC36 /* ProductDetails */ = {
			isa = PBXGroup;
			children = (
				1368996625AE1E8E00FBAC36 /* Entity */,
				1368996825AE1E8E00FBAC36 /* Interactor */,
				1368996325AE1E8E00FBAC36 /* Presenter */,
				1368996525AE1E8E00FBAC36 /* Protocols */,
				1368996425AE1E8E00FBAC36 /* Router */,
				1368996725AE1E8E00FBAC36 /* View */,
			);
			path = ProductDetails;
			sourceTree = "<group>";
		};
		1368995D25AE1E3C00FBAC36 /* View */ = {
			isa = PBXGroup;
			children = (
			);
			path = View;
			sourceTree = "<group>";
		};
		1368995E25AE1E4200FBAC36 /* Interactor */ = {
			isa = PBXGroup;
			children = (
			);
			path = Interactor;
			sourceTree = "<group>";
		};
		1368995F25AE1E4B00FBAC36 /* Entity */ = {
			isa = PBXGroup;
			children = (
				1368996925AE1EA100FBAC36 /* Product.swift */,
			);
			path = Entity;
			sourceTree = "<group>";
		};
		1368996025AE1E5300FBAC36 /* Presenter */ = {
			isa = PBXGroup;
			children = (
			);
			path = Presenter;
			sourceTree = "<group>";
		};
		1368996125AE1E5B00FBAC36 /* Router */ = {
			isa = PBXGroup;
			children = (
			);
			path = Router;
			sourceTree = "<group>";
		};
		1368996225AE1E6100FBAC36 /* Protocols */ = {
			isa = PBXGroup;
			children = (
			);
			path = Protocols;
			sourceTree = "<group>";
		};
		1368996325AE1E8E00FBAC36 /* Presenter */ = {
			isa = PBXGroup;
			children = (
			);
			path = Presenter;
			sourceTree = "<group>";
		};
		1368996425AE1E8E00FBAC36 /* Router */ = {
			isa = PBXGroup;
			children = (
			);
			path = Router;
			sourceTree = "<group>";
		};
		1368996525AE1E8E00FBAC36 /* Protocols */ = {
			isa = PBXGroup;
			children = (
			);
			path = Protocols;
			sourceTree = "<group>";
		};
		1368996625AE1E8E00FBAC36 /* Entity */ = {
			isa = PBXGroup;
			children = (
			);
			path = Entity;
			sourceTree = "<group>";
		};
		1368996725AE1E8E00FBAC36 /* View */ = {
			isa = PBXGroup;
			children = (
			);
			path = View;
			sourceTree = "<group>";
		};
		1368996825AE1E8E00FBAC36 /* Interactor */ = {
			isa = PBXGroup;
			children = (
			);
			path = Interactor;
			sourceTree = "<group>";
		};
/* End PBXGroup section */

/* Begin PBXNativeTarget section */
		1368992125AE09F800FBAC36 /* BayutTest */ = {
			isa = PBXNativeTarget;
			buildConfigurationList = 1368994C25AE09FA00FBAC36 /* Build configuration list for PBXNativeTarget "BayutTest" */;
			buildPhases = (
				1368991E25AE09F800FBAC36 /* Sources */,
				1368991F25AE09F800FBAC36 /* Frameworks */,
				1368992025AE09F800FBAC36 /* Resources */,
			);
			buildRules = (
			);
			dependencies = (
			);
			name = BayutTest;
			productName = BayutTest;
			productReference = 1368992225AE09F800FBAC36 /* BayutTest.app */;
			productType = "com.apple.product-type.application";
		};
		1368993725AE09FA00FBAC36 /* BayutTestTests */ = {
			isa = PBXNativeTarget;
			buildConfigurationList = 1368994F25AE09FA00FBAC36 /* Build configuration list for PBXNativeTarget "BayutTestTests" */;
			buildPhases = (
				1368993425AE09FA00FBAC36 /* Sources */,
				1368993525AE09FA00FBAC36 /* Frameworks */,
				1368993625AE09FA00FBAC36 /* Resources */,
			);
			buildRules = (
			);
			dependencies = (
				1368993A25AE09FA00FBAC36 /* PBXTargetDependency */,
			);
			name = BayutTestTests;
			productName = BayutTestTests;
			productReference = 1368993825AE09FA00FBAC36 /* BayutTestTests.xctest */;
			productType = "com.apple.product-type.bundle.unit-test";
		};
		1368994225AE09FA00FBAC36 /* BayutTestUITests */ = {
			isa = PBXNativeTarget;
			buildConfigurationList = 1368995225AE09FA00FBAC36 /* Build configuration list for PBXNativeTarget "BayutTestUITests" */;
			buildPhases = (
				1368993F25AE09FA00FBAC36 /* Sources */,
				1368994025AE09FA00FBAC36 /* Frameworks */,
				1368994125AE09FA00FBAC36 /* Resources */,
			);
			buildRules = (
			);
			dependencies = (
				1368994525AE09FA00FBAC36 /* PBXTargetDependency */,
			);
			name = BayutTestUITests;
			productName = BayutTestUITests;
			productReference = 1368994325AE09FA00FBAC36 /* BayutTestUITests.xctest */;
			productType = "com.apple.product-type.bundle.ui-testing";
		};
/* End PBXNativeTarget section */

/* Begin PBXProject section */
		1368991A25AE09F800FBAC36 /* Project object */ = {
			isa = PBXProject;
			attributes = {
				LastSwiftUpdateCheck = 1130;
				LastUpgradeCheck = 1130;
				ORGANIZATIONNAME = BayutApp;
				TargetAttributes = {
					1368992125AE09F800FBAC36 = {
						CreatedOnToolsVersion = 11.3.1;
					};
					1368993725AE09FA00FBAC36 = {
						CreatedOnToolsVersion = 11.3.1;
						TestTargetID = 1368992125AE09F800FBAC36;
					};
					1368994225AE09FA00FBAC36 = {
						CreatedOnToolsVersion = 11.3.1;
						TestTargetID = 1368992125AE09F800FBAC36;
					};
				};
			};
			buildConfigurationList = 1368991D25AE09F800FBAC36 /* Build configuration list for PBXProject "BayutTest" */;
			compatibilityVersion = "Xcode 9.3";
			developmentRegion = en;
			hasScannedForEncodings = 0;
			knownRegions = (
				en,
				Base,
			);
			mainGroup = 1368991925AE09F800FBAC36;
			productRefGroup = 1368992325AE09F800FBAC36 /* Products */;
			projectDirPath = "";
			projectRoot = "";
			targets = (
				1368992125AE09F800FBAC36 /* BayutTest */,
				1368993725AE09FA00FBAC36 /* BayutTestTests */,
				1368994225AE09FA00FBAC36 /* BayutTestUITests */,
			);
		};
/* End PBXProject section */

/* Begin PBXResourcesBuildPhase section */
		1368992025AE09F800FBAC36 /* Resources */ = {
			isa = PBXResourcesBuildPhase;
			buildActionMask = 2147483647;
			files = (
				1368993225AE09FA00FBAC36 /* LaunchScreen.storyboard in Resources */,
				1368992F25AE09FA00FBAC36 /* Assets.xcassets in Resources */,
				1368992D25AE09F800FBAC36 /* Main.storyboard in Resources */,
			);
			runOnlyForDeploymentPostprocessing = 0;
		};
		1368993625AE09FA00FBAC36 /* Resources */ = {
			isa = PBXResourcesBuildPhase;
			buildActionMask = 2147483647;
			files = (
			);
			runOnlyForDeploymentPostprocessing = 0;
		};
		1368994125AE09FA00FBAC36 /* Resources */ = {
			isa = PBXResourcesBuildPhase;
			buildActionMask = 2147483647;
			files = (
			);
			runOnlyForDeploymentPostprocessing = 0;
		};
/* End PBXResourcesBuildPhase section */

/* Begin PBXSourcesBuildPhase section */
		1368991E25AE09F800FBAC36 /* Sources */ = {
			isa = PBXSourcesBuildPhase;
			buildActionMask = 2147483647;
			files = (
				1368992A25AE09F800FBAC36 /* ViewController.swift in Sources */,
				1368995725AE1C4800FBAC36 /* Requestable.swift in Sources */,
				1368992625AE09F800FBAC36 /* AppDelegate.swift in Sources */,
				1368992825AE09F800FBAC36 /* SceneDelegate.swift in Sources */,
				1368995925AE1C5600FBAC36 /* ServiceManager.swift in Sources */,
				1368996A25AE1EA100FBAC36 /* Product.swift in Sources */,
			);
			runOnlyForDeploymentPostprocessing = 0;
		};
		1368993425AE09FA00FBAC36 /* Sources */ = {
			isa = PBXSourcesBuildPhase;
			buildActionMask = 2147483647;
			files = (
				1368993D25AE09FA00FBAC36 /* BayutTestTests.swift in Sources */,
			);
			runOnlyForDeploymentPostprocessing = 0;
		};
		1368993F25AE09FA00FBAC36 /* Sources */ = {
			isa = PBXSourcesBuildPhase;
			buildActionMask = 2147483647;
			files = (
				1368994825AE09FA00FBAC36 /* BayutTestUITests.swift in Sources */,
			);
			runOnlyForDeploymentPostprocessing = 0;
		};
/* End PBXSourcesBuildPhase section */

/* Begin PBXTargetDependency section */
		1368993A25AE09FA00FBAC36 /* PBXTargetDependency */ = {
			isa = PBXTargetDependency;
			target = 1368992125AE09F800FBAC36 /* BayutTest */;
			targetProxy = 1368993925AE09FA00FBAC36 /* PBXContainerItemProxy */;
		};
		1368994525AE09FA00FBAC36 /* PBXTargetDependency */ = {
			isa = PBXTargetDependency;
			target = 1368992125AE09F800FBAC36 /* BayutTest */;
			targetProxy = 1368994425AE09FA00FBAC36 /* PBXContainerItemProxy */;
		};
/* End PBXTargetDependency section */

/* Begin PBXVariantGroup section */
		1368992B25AE09F800FBAC36 /* Main.storyboard */ = {
			isa = PBXVariantGroup;
			children = (
				1368992C25AE09F800FBAC36 /* Base */,
			);
			name = Main.storyboard;
			sourceTree = "<group>";
		};
		1368993025AE09FA00FBAC36 /* LaunchScreen.storyboard */ = {
			isa = PBXVariantGroup;
			children = (
				1368993125AE09FA00FBAC36 /* Base */,
			);
			name = LaunchScreen.storyboard;
			sourceTree = "<group>";
		};
/* End PBXVariantGroup section */

/* Begin XCBuildConfiguration section */
		1368994A25AE09FA00FBAC36 /* Debug */ = {
			isa = XCBuildConfiguration;
			buildSettings = {
				ALWAYS_SEARCH_USER_PATHS = NO;
				CLANG_ANALYZER_NONNULL = YES;
				CLANG_ANALYZER_NUMBER_OBJECT_CONVERSION = YES_AGGRESSIVE;
				CLANG_CXX_LANGUAGE_STANDARD = "gnu++14";
				CLANG_CXX_LIBRARY = "libc++";
				CLANG_ENABLE_MODULES = YES;
				CLANG_ENABLE_OBJC_ARC = YES;
				CLANG_ENABLE_OBJC_WEAK = YES;
				CLANG_WARN_BLOCK_CAPTURE_AUTORELEASING = YES;
				CLANG_WARN_BOOL_CONVERSION = YES;
				CLANG_WARN_COMMA = YES;
				CLANG_WARN_CONSTANT_CONVERSION = YES;
				CLANG_WARN_DEPRECATED_OBJC_IMPLEMENTATIONS = YES;
				CLANG_WARN_DIRECT_OBJC_ISA_USAGE = YES_ERROR;
				CLANG_WARN_DOCUMENTATION_COMMENTS = YES;
				CLANG_WARN_EMPTY_BODY = YES;
				CLANG_WARN_ENUM_CONVERSION = YES;
				CLANG_WARN_INFINITE_RECURSION = YES;
				CLANG_WARN_INT_CONVERSION = YES;
				CLANG_WARN_NON_LITERAL_NULL_CONVERSION = YES;
				CLANG_WARN_OBJC_IMPLICIT_RETAIN_SELF = YES;
				CLANG_WARN_OBJC_LITERAL_CONVERSION = YES;
				CLANG_WARN_OBJC_ROOT_CLASS = YES_ERROR;
				CLANG_WARN_RANGE_LOOP_ANALYSIS = YES;
				CLANG_WARN_STRICT_PROTOTYPES = YES;
				CLANG_WARN_SUSPICIOUS_MOVE = YES;
				CLANG_WARN_UNGUARDED_AVAILABILITY = YES_AGGRESSIVE;
				CLANG_WARN_UNREACHABLE_CODE = YES;
				CLANG_WARN__DUPLICATE_METHOD_MATCH = YES;
				COPY_PHASE_STRIP = NO;
				DEBUG_INFORMATION_FORMAT = dwarf;
				ENABLE_STRICT_OBJC_MSGSEND = YES;
				ENABLE_TESTABILITY = YES;
				GCC_C_LANGUAGE_STANDARD = gnu11;
				GCC_DYNAMIC_NO_PIC = NO;
				GCC_NO_COMMON_BLOCKS = YES;
				GCC_OPTIMIZATION_LEVEL = 0;
				GCC_PREPROCESSOR_DEFINITIONS = (
					"DEBUG=1",
					"$(inherited)",
				);
				GCC_WARN_64_TO_32_BIT_CONVERSION = YES;
				GCC_WARN_ABOUT_RETURN_TYPE = YES_ERROR;
				GCC_WARN_UNDECLARED_SELECTOR = YES;
				GCC_WARN_UNINITIALIZED_AUTOS = YES_AGGRESSIVE;
				GCC_WARN_UNUSED_FUNCTION = YES;
				GCC_WARN_UNUSED_VARIABLE = YES;
				IPHONEOS_DEPLOYMENT_TARGET = 13.2;
				MTL_ENABLE_DEBUG_INFO = INCLUDE_SOURCE;
				MTL_FAST_MATH = YES;
				ONLY_ACTIVE_ARCH = YES;
				SDKROOT = iphoneos;
				SWIFT_ACTIVE_COMPILATION_CONDITIONS = DEBUG;
				SWIFT_OPTIMIZATION_LEVEL = "-Onone";
			};
			name = Debug;
		};
		1368994B25AE09FA00FBAC36 /* Release */ = {
			isa = XCBuildConfiguration;
			buildSettings = {
				ALWAYS_SEARCH_USER_PATHS = NO;
				CLANG_ANALYZER_NONNULL = YES;
				CLANG_ANALYZER_NUMBER_OBJECT_CONVERSION = YES_AGGRESSIVE;
				CLANG_CXX_LANGUAGE_STANDARD = "gnu++14";
				CLANG_CXX_LIBRARY = "libc++";
				CLANG_ENABLE_MODULES = YES;
				CLANG_ENABLE_OBJC_ARC = YES;
				CLANG_ENABLE_OBJC_WEAK = YES;
				CLANG_WARN_BLOCK_CAPTURE_AUTORELEASING = YES;
				CLANG_WARN_BOOL_CONVERSION = YES;
				CLANG_WARN_COMMA = YES;
				CLANG_WARN_CONSTANT_CONVERSION = YES;
				CLANG_WARN_DEPRECATED_OBJC_IMPLEMENTATIONS = YES;
				CLANG_WARN_DIRECT_OBJC_ISA_USAGE = YES_ERROR;
				CLANG_WARN_DOCUMENTATION_COMMENTS = YES;
				CLANG_WARN_EMPTY_BODY = YES;
				CLANG_WARN_ENUM_CONVERSION = YES;
				CLANG_WARN_INFINITE_RECURSION = YES;
				CLANG_WARN_INT_CONVERSION = YES;
				CLANG_WARN_NON_LITERAL_NULL_CONVERSION = YES;
				CLANG_WARN_OBJC_IMPLICIT_RETAIN_SELF = YES;
				CLANG_WARN_OBJC_LITERAL_CONVERSION = YES;
				CLANG_WARN_OBJC_ROOT_CLASS = YES_ERROR;
				CLANG_WARN_RANGE_LOOP_ANALYSIS = YES;
				CLANG_WARN_STRICT_PROTOTYPES = YES;
				CLANG_WARN_SUSPICIOUS_MOVE = YES;
				CLANG_WARN_UNGUARDED_AVAILABILITY = YES_AGGRESSIVE;
				CLANG_WARN_UNREACHABLE_CODE = YES;
				CLANG_WARN__DUPLICATE_METHOD_MATCH = YES;
				COPY_PHASE_STRIP = NO;
				DEBUG_INFORMATION_FORMAT = "dwarf-with-dsym";
				ENABLE_NS_ASSERTIONS = NO;
				ENABLE_STRICT_OBJC_MSGSEND = YES;
				GCC_C_LANGUAGE_STANDARD = gnu11;
				GCC_NO_COMMON_BLOCKS = YES;
				GCC_WARN_64_TO_32_BIT_CONVERSION = YES;
				GCC_WARN_ABOUT_RETURN_TYPE = YES_ERROR;
				GCC_WARN_UNDECLARED_SELECTOR = YES;
				GCC_WARN_UNINITIALIZED_AUTOS = YES_AGGRESSIVE;
				GCC_WARN_UNUSED_FUNCTION = YES;
				GCC_WARN_UNUSED_VARIABLE = YES;
				IPHONEOS_DEPLOYMENT_TARGET = 13.2;
				MTL_ENABLE_DEBUG_INFO = NO;
				MTL_FAST_MATH = YES;
				SDKROOT = iphoneos;
				SWIFT_COMPILATION_MODE = wholemodule;
				SWIFT_OPTIMIZATION_LEVEL = "-O";
				VALIDATE_PRODUCT = YES;
			};
			name = Release;
		};
		1368994D25AE09FA00FBAC36 /* Debug */ = {
			isa = XCBuildConfiguration;
			buildSettings = {
				ASSETCATALOG_COMPILER_APPICON_NAME = AppIcon;
				CODE_SIGN_STYLE = Automatic;
				DEVELOPMENT_TEAM = EHNB78KN5B;
				INFOPLIST_FILE = BayutTest/Info.plist;
				LD_RUNPATH_SEARCH_PATHS = (
					"$(inherited)",
					"@executable_path/Frameworks",
				);
				PRODUCT_BUNDLE_IDENTIFIER = com.BayutApp.BayutTest;
				PRODUCT_NAME = "$(TARGET_NAME)";
				SWIFT_VERSION = 5.0;
				TARGETED_DEVICE_FAMILY = "1,2";
			};
			name = Debug;
		};
		1368994E25AE09FA00FBAC36 /* Release */ = {
			isa = XCBuildConfiguration;
			buildSettings = {
				ASSETCATALOG_COMPILER_APPICON_NAME = AppIcon;
				CODE_SIGN_STYLE = Automatic;
				DEVELOPMENT_TEAM = EHNB78KN5B;
				INFOPLIST_FILE = BayutTest/Info.plist;
				LD_RUNPATH_SEARCH_PATHS = (
					"$(inherited)",
					"@executable_path/Frameworks",
				);
				PRODUCT_BUNDLE_IDENTIFIER = com.BayutApp.BayutTest;
				PRODUCT_NAME = "$(TARGET_NAME)";
				SWIFT_VERSION = 5.0;
				TARGETED_DEVICE_FAMILY = "1,2";
			};
			name = Release;
		};
		1368995025AE09FA00FBAC36 /* Debug */ = {
			isa = XCBuildConfiguration;
			buildSettings = {
				ALWAYS_EMBED_SWIFT_STANDARD_LIBRARIES = YES;
				BUNDLE_LOADER = "$(TEST_HOST)";
				CODE_SIGN_STYLE = Automatic;
				DEVELOPMENT_TEAM = EHNB78KN5B;
				INFOPLIST_FILE = BayutTestTests/Info.plist;
				IPHONEOS_DEPLOYMENT_TARGET = 13.2;
				LD_RUNPATH_SEARCH_PATHS = (
					"$(inherited)",
					"@executable_path/Frameworks",
					"@loader_path/Frameworks",
				);
				PRODUCT_BUNDLE_IDENTIFIER = com.BayutApp.BayutTestTests;
				PRODUCT_NAME = "$(TARGET_NAME)";
				SWIFT_VERSION = 5.0;
				TARGETED_DEVICE_FAMILY = "1,2";
				TEST_HOST = "$(BUILT_PRODUCTS_DIR)/BayutTest.app/BayutTest";
			};
			name = Debug;
		};
		1368995125AE09FA00FBAC36 /* Release */ = {
			isa = XCBuildConfiguration;
			buildSettings = {
				ALWAYS_EMBED_SWIFT_STANDARD_LIBRARIES = YES;
				BUNDLE_LOADER = "$(TEST_HOST)";
				CODE_SIGN_STYLE = Automatic;
				DEVELOPMENT_TEAM = EHNB78KN5B;
				INFOPLIST_FILE = BayutTestTests/Info.plist;
				IPHONEOS_DEPLOYMENT_TARGET = 13.2;
				LD_RUNPATH_SEARCH_PATHS = (
					"$(inherited)",
					"@executable_path/Frameworks",
					"@loader_path/Frameworks",
				);
				PRODUCT_BUNDLE_IDENTIFIER = com.BayutApp.BayutTestTests;
				PRODUCT_NAME = "$(TARGET_NAME)";
				SWIFT_VERSION = 5.0;
				TARGETED_DEVICE_FAMILY = "1,2";
				TEST_HOST = "$(BUILT_PRODUCTS_DIR)/BayutTest.app/BayutTest";
			};
			name = Release;
		};
		1368995325AE09FA00FBAC36 /* Debug */ = {
			isa = XCBuildConfiguration;
			buildSettings = {
				ALWAYS_EMBED_SWIFT_STANDARD_LIBRARIES = YES;
				CODE_SIGN_STYLE = Automatic;
				DEVELOPMENT_TEAM = EHNB78KN5B;
				INFOPLIST_FILE = BayutTestUITests/Info.plist;
				LD_RUNPATH_SEARCH_PATHS = (
					"$(inherited)",
					"@executable_path/Frameworks",
					"@loader_path/Frameworks",
				);
				PRODUCT_BUNDLE_IDENTIFIER = com.BayutApp.BayutTestUITests;
				PRODUCT_NAME = "$(TARGET_NAME)";
				SWIFT_VERSION = 5.0;
				TARGETED_DEVICE_FAMILY = "1,2";
				TEST_TARGET_NAME = BayutTest;
			};
			name = Debug;
		};
		1368995425AE09FA00FBAC36 /* Release */ = {
			isa = XCBuildConfiguration;
			buildSettings = {
				ALWAYS_EMBED_SWIFT_STANDARD_LIBRARIES = YES;
				CODE_SIGN_STYLE = Automatic;
				DEVELOPMENT_TEAM = EHNB78KN5B;
				INFOPLIST_FILE = BayutTestUITests/Info.plist;
				LD_RUNPATH_SEARCH_PATHS = (
					"$(inherited)",
					"@executable_path/Frameworks",
					"@loader_path/Frameworks",
				);
				PRODUCT_BUNDLE_IDENTIFIER = com.BayutApp.BayutTestUITests;
				PRODUCT_NAME = "$(TARGET_NAME)";
				SWIFT_VERSION = 5.0;
				TARGETED_DEVICE_FAMILY = "1,2";
				TEST_TARGET_NAME = BayutTest;
			};
			name = Release;
		};
/* End XCBuildConfiguration section */

/* Begin XCConfigurationList section */
		1368991D25AE09F800FBAC36 /* Build configuration list for PBXProject "BayutTest" */ = {
			isa = XCConfigurationList;
			buildConfigurations = (
				1368994A25AE09FA00FBAC36 /* Debug */,
				1368994B25AE09FA00FBAC36 /* Release */,
			);
			defaultConfigurationIsVisible = 0;
			defaultConfigurationName = Release;
		};
		1368994C25AE09FA00FBAC36 /* Build configuration list for PBXNativeTarget "BayutTest" */ = {
			isa = XCConfigurationList;
			buildConfigurations = (
				1368994D25AE09FA00FBAC36 /* Debug */,
				1368994E25AE09FA00FBAC36 /* Release */,
			);
			defaultConfigurationIsVisible = 0;
			defaultConfigurationName = Release;
		};
		1368994F25AE09FA00FBAC36 /* Build configuration list for PBXNativeTarget "BayutTestTests" */ = {
			isa = XCConfigurationList;
			buildConfigurations = (
				1368995025AE09FA00FBAC36 /* Debug */,
				1368995125AE09FA00FBAC36 /* Release */,
			);
			defaultConfigurationIsVisible = 0;
			defaultConfigurationName = Release;
		};
		1368995225AE09FA00FBAC36 /* Build configuration list for PBXNativeTarget "BayutTestUITests" */ = {
			isa = XCConfigurationList;
			buildConfigurations = (
				1368995325AE09FA00FBAC36 /* Debug */,
				1368995425AE09FA00FBAC36 /* Release */,
			);
			defaultConfigurationIsVisible = 0;
			defaultConfigurationName = Release;
		};
/* End XCConfigurationList section */
	};
	rootObject = 1368991A25AE09F800FBAC36 /* Project object */;
}
